
Microsoft Visual Studio Solution File, Format Version 12.00
# Visual Studio Version 16
VisualStudioVersion = 16.0.30114.105
MinimumVisualStudioVersion = 10.0.40219.1
Project("{888888A0-9F3D-457C-B088-3A5042F75D52}") = "webrtc-demo", "webrtc-demo.pyproj", "{73F9C499-4FED-4368-9D2B-1A719065B81F}"
EndProject
Global
	GlobalSection(SolutionConfigurationPlatforms) = preSolution
		Debug|Any CPU = Debug|Any CPU
		Release|Any CPU = Release|Any CPU
	EndGlobalSection
	GlobalSection(ProjectConfigurationPlatforms) = postSolution
		{73F9C499-4FED-4368-9D2B-1A719065B81F}.Debug|Any CPU.ActiveCfg = Debug|Any CPU
		{73F9C499-4FED-4368-9D2B-1A719065B81F}.Release|Any CPU.ActiveCfg = Release|Any CPU
	EndGlobalSection
	GlobalSection(SolutionProperties) = preSolution
		HideSolutionNode = FALSE
	EndGlobalSection
	GlobalSection(ExtensibilityGlobals) = postSolution
		SolutionGuid = {F2E92239-25D2-4827-A49C-1CFC2CD8FEAA}
	EndGlobalSection
EndGlobal
